
Microsoft Visual Studio Solution File, Format Version 12.00
# Visual Studio Version 17
VisualStudioVersion = 17.6.33815.320
MinimumVisualStudioVersion = 10.0.40219.1
Project("{FAE04EC0-301F-11D3-BF4B-00C04F79EFBC}") = "SWC_Payment_Website", "SWC_Payment_Website\SWC_Payment_Website.csproj", "{C1E0EB61-911D-4A4F-9CC9-1AB86D7E1D07}"
EndProject
Global
	GlobalSection(SolutionConfigurationPlatforms) = preSolution
		Debug|Any CPU = Debug|Any CPU
		Release|Any CPU = Release|Any CPU
	EndGlobalSection
	GlobalSection(ProjectConfigurationPlatforms) = postSolution
		{C1E0EB61-911D-4A4F-9CC9-1AB86D7E1D07}.Debug|Any CPU.ActiveCfg = Debug|Any CPU
		{C1E0EB61-911D-4A4F-9CC9-1AB86D7E1D07}.Debug|Any CPU.Build.0 = Debug|Any CPU
		{C1E0EB61-911D-4A4F-9CC9-1AB86D7E1D07}.Release|Any CPU.ActiveCfg = Release|Any CPU
		{C1E0EB61-911D-4A4F-9CC9-1AB86D7E1D07}.Release|Any CPU.Build.0 = Release|Any CPU
	EndGlobalSection
	GlobalSection(SolutionProperties) = preSolution
		HideSolutionNode = FALSE
	EndGlobalSection
	GlobalSection(ExtensibilityGlobals) = postSolution
		SolutionGuid = {C306270B-F18E-48DC-85E0-DA24013D42D5}
	EndGlobalSection
EndGlobal
